<?xml version="1.0" encoding="utf-8"?>
<Project ToolsVersion="4.0" xmlns="http://schemas.microsoft.com/developer/msbuild/2003">
  <ItemGroup>
    <Filter Include="Include">
      <UniqueIdentifier>{6917EFFE-D5F6-6D9A-DE0E-F9704A6DD4FB}</UniqueIdentifier>
    </Filter>
    <Filter Include="Include\Core">
      <UniqueIdentifier>{61455C4B-4DA8-EBEF-F62D-24A6E26FB772}</UniqueIdentifier>
    </Filter>
    <Filter Include="Include\Core\System">
      <UniqueIdentifier>{55418A9B-C1A2-67A9-4A10-AE5BB6709E68}</UniqueIdentifier>
    </Filter>
    <Filter Include="Include\Core\Window">
      <UniqueIdentifier>{285BBAA3-94BC-97B1-1D2A-DE63898ACE70}</UniqueIdentifier>
    </Filter>
    <Filter Include="Source">
      <UniqueIdentifier>{56EB95D1-428D-C0A7-2B48-D4FB178947F8}</UniqueIdentifier>
    </Filter>
    <Filter Include="Source\Window">
      <UniqueIdentifier>{7D1B0959-E9DB-848F-B216-CE0C1E96C96B}</UniqueIdentifier>
    </Filter>
  </ItemGroup>
  <ItemGroup>
    <ClCompile Include="Include\Core\Core.System.ixx">
      <Filter>Include\Core</Filter>
    </ClCompile>
    <ClCompile Include="Include\Core\Core.Window.ixx">
      <Filter>Include\Core</Filter>
    </ClCompile>
    <ClCompile Include="Include\Core\Core.ixx">
      <Filter>Include\Core</Filter>
    </ClCompile>
    <ClCompile Include="Include\Core\System\Core.System-Value2.ixx">
      <Filter>Include\Core\System</Filter>
    </ClCompile>
    <ClCompile Include="Include\Core\Window\Core.Window-Window.ixx">
      <Filter>Include\Core\Window</Filter>
    </ClCompile>
    <ClCompile Include="Source\Window\Core.Window-Window.cpp">
      <Filter>Source\Window</Filter>
    </ClCompile>
    <ClCompile Include="Include\Core\System\Core.System-Sketch.ixx" />
    <ClCompile Include="Include\Core\System\Core.System-Launch.ixx" />
    <ClCompile Include="Source\System\Core.System-Launch.cpp" />
    <ClCompile Include="Include\Core\Window\Core.Window-WindowEvent.ixx" />
    <ClCompile Include="Include\Core\Window\Core.Window-WindowEventQueue.ixx" />
    <ClCompile Include="Source\Window\Core.Window-WindowEventQueue.cpp" />
  </ItemGroup>
</Project>