<?xml version="1.0" encoding="utf-8"?>
<Project ToolsVersion="4.0" xmlns="http://schemas.microsoft.com/developer/msbuild/2003">
  <ItemGroup>
    <Filter Include="..">
      <UniqueIdentifier>{61705900-4DFC-870B-B6AA-880BA255880B}</UniqueIdentifier>
    </Filter>
    <Filter Include="..\App">
      <UniqueIdentifier>{11A28776-FD43-B24C-E6FE-C5A0D23F399D}</UniqueIdentifier>
    </Filter>
    <Filter Include="..\Core">
      <UniqueIdentifier>{59F97C47-C5D8-FBE2-CEF0-86B93A4F6244}</UniqueIdentifier>
    </Filter>
    <Filter Include="..\Core-Test">
      <UniqueIdentifier>{66D479FC-5237-09A1-FBBC-4157E7FED423}</UniqueIdentifier>
    </Filter>
    <Filter Include="..\Vendor">
      <UniqueIdentifier>{7E9B3B46-EA05-F0BC-3344-A1629FEDCD11}</UniqueIdentifier>
    </Filter>
    <Filter Include="..\Vendor\Glad">
      <UniqueIdentifier>{25C1191C-118F-0D22-FA22-7E48E68FE986}</UniqueIdentifier>
    </Filter>
    <Filter Include="..\Vendor\gcem">
      <UniqueIdentifier>{89272B1C-75F5-1E22-5E89-8F484AF6FA86}</UniqueIdentifier>
    </Filter>
    <Filter Include="..\Vendor\googletest">
      <UniqueIdentifier>{4A427387-36D1-FC50-DFEF-104CCB5D0DF7}</UniqueIdentifier>
    </Filter>
  </ItemGroup>
  <ItemGroup>
    <None Include="..\App\Build-App.lua">
      <Filter>..\App</Filter>
    </None>
    <None Include="..\Build.lua">
      <Filter>..</Filter>
    </None>
    <None Include="..\Core-Test\Build-Core-Test.lua">
      <Filter>..\Core-Test</Filter>
    </None>
    <None Include="..\Core\Build-Core.lua">
      <Filter>..\Core</Filter>
    </None>
    <None Include="..\Vendor\Glad\Build-Glad.lua">
      <Filter>..\Vendor\Glad</Filter>
    </None>
    <None Include="..\Vendor\gcem\Build-Gcem.lua">
      <Filter>..\Vendor\gcem</Filter>
    </None>
    <None Include="..\Vendor\googletest\Build-GoogleTest.lua">
      <Filter>..\Vendor\googletest</Filter>
    </None>
    <None Include="Build-Premake.lua" />
  </ItemGroup>
</Project>